// !$*UTF8*$!
{
	archiveVersion = 1;
	classes = {
	};
	objectVersion = 50;
	objects = {

/* Begin PBXBuildFile section */
		C50127072217B2F5007674FC /* AppDelegate.swift in Sources */ = {isa = PBXBuildFile; fileRef = C50127062217B2F5007674FC /* AppDelegate.swift */; };
		C501270C2217B2F5007674FC /* Main.storyboard in Resources */ = {isa = PBXBuildFile; fileRef = C501270A2217B2F5007674FC /* Main.storyboard */; };
		C501270E2217B2F7007674FC /* Assets.xcassets in Resources */ = {isa = PBXBuildFile; fileRef = C501270D2217B2F7007674FC /* Assets.xcassets */; };
		C50127112217B2F7007674FC /* LaunchScreen.storyboard in Resources */ = {isa = PBXBuildFile; fileRef = C501270F2217B2F7007674FC /* LaunchScreen.storyboard */; };
		C54575D2221B687B00C0DBD7 /* PhotoDetailsViewController.swift in Sources */ = {isa = PBXBuildFile; fileRef = C54575D1221B687B00C0DBD7 /* PhotoDetailsViewController.swift */; };
		C58C46D32217B69E0046B04F /* PhotosViewController.swift in Sources */ = {isa = PBXBuildFile; fileRef = C58C46D22217B69E0046B04F /* PhotosViewController.swift */; };
		C58C46D72217BF700046B04F /* PhotoCell.swift in Sources */ = {isa = PBXBuildFile; fileRef = C58C46D62217BF700046B04F /* PhotoCell.swift */; };
		DA246F8D11BBCE24381912B0 /* Pods_codepathLab1.framework in Frameworks */ = {isa = PBXBuildFile; fileRef = BBBB3CA67CE560297977E5BB /* Pods_codepathLab1.framework */; };
/* End PBXBuildFile section */

/* Begin PBXFileReference section */
		9B56F67FFF6DAC9742338153 /* Pods-codepathLab1.debug.xcconfig */ = {isa = PBXFileReference; includeInIndex = 1; lastKnownFileType = text.xcconfig; name = "Pods-codepathLab1.debug.xcconfig"; path = "Pods/Target Support Files/Pods-codepathLab1/Pods-codepathLab1.debug.xcconfig"; sourceTree = "<group>"; };
		BBBB3CA67CE560297977E5BB /* Pods_codepathLab1.framework */ = {isa = PBXFileReference; explicitFileType = wrapper.framework; includeInIndex = 0; path = Pods_codepathLab1.framework; sourceTree = BUILT_PRODUCTS_DIR; };
		BD3D58B757FB5D389B14FE12 /* Pods-codepathLab1.release.xcconfig */ = {isa = PBXFileReference; includeInIndex = 1; lastKnownFileType = text.xcconfig; name = "Pods-codepathLab1.release.xcconfig"; path = "Pods/Target Support Files/Pods-codepathLab1/Pods-codepathLab1.release.xcconfig"; sourceTree = "<group>"; };
		C50127032217B2F5007674FC /* codepathLab1.app */ = {isa = PBXFileReference; explicitFileType = wrapper.application; includeInIndex = 0; path = codepathLab1.app; sourceTree = BUILT_PRODUCTS_DIR; };
		C50127062217B2F5007674FC /* AppDelegate.swift */ = {isa = PBXFileReference; lastKnownFileType = sourcecode.swift; path = AppDelegate.swift; sourceTree = "<group>"; };
		C501270B2217B2F5007674FC /* Base */ = {isa = PBXFileReference; lastKnownFileType = file.storyboard; name = Base; path = Base.lproj/Main.storyboard; sourceTree = "<group>"; };
		C501270D2217B2F7007674FC /* Assets.xcassets */ = {isa = PBXFileReference; lastKnownFileType = folder.assetcatalog; path = Assets.xcassets; sourceTree = "<group>"; };
		C50127102217B2F7007674FC /* Base */ = {isa = PBXFileReference; lastKnownFileType = file.storyboard; name = Base; path = Base.lproj/LaunchScreen.storyboard; sourceTree = "<group>"; };
		C50127122217B2F7007674FC /* Info.plist */ = {isa = PBXFileReference; lastKnownFileType = text.plist.xml; path = Info.plist; sourceTree = "<group>"; };
		C54575D1221B687B00C0DBD7 /* PhotoDetailsViewController.swift */ = {isa = PBXFileReference; lastKnownFileType = sourcecode.swift; path = PhotoDetailsViewController.swift; sourceTree = "<group>"; };
		C58C46D22217B69E0046B04F /* PhotosViewController.swift */ = {isa = PBXFileReference; lastKnownFileType = sourcecode.swift; path = PhotosViewController.swift; sourceTree = "<group>"; };
		C58C46D62217BF700046B04F /* PhotoCell.swift */ = {isa = PBXFileReference; lastKnownFileType = sourcecode.swift; path = PhotoCell.swift; sourceTree = "<group>"; };
/* End PBXFileReference section */

/* Begin PBXFrameworksBuildPhase section */
		C50127002217B2F5007674FC /* Frameworks */ = {
			isa = PBXFrameworksBuildPhase;
			buildActionMask = 2147483647;
			files = (
				DA246F8D11BBCE24381912B0 /* Pods_codepathLab1.framework in Frameworks */,
			);
			runOnlyForDeploymentPostprocessing = 0;
		};
/* End PBXFrameworksBuildPhase section */

/* Begin PBXGroup section */
		6A8906D3D54C9DB60DF67A54 /* Frameworks */ = {
			isa = PBXGroup;
			children = (
				BBBB3CA67CE560297977E5BB /* Pods_codepathLab1.framework */,
			);
			name = Frameworks;
			sourceTree = "<group>";
		};
		A5EF969D399A4B0C8E46EB8C /* Pods */ = {
			isa = PBXGroup;
			children = (
				9B56F67FFF6DAC9742338153 /* Pods-codepathLab1.debug.xcconfig */,
				BD3D58B757FB5D389B14FE12 /* Pods-codepathLab1.release.xcconfig */,
			);
			name = Pods;
			sourceTree = "<group>";
		};
		C50126FA2217B2F5007674FC = {
			isa = PBXGroup;
			children = (
				C50127052217B2F5007674FC /* codepathLab1 */,
				C50127042217B2F5007674FC /* Products */,
				A5EF969D399A4B0C8E46EB8C /* Pods */,
				6A8906D3D54C9DB60DF67A54 /* Frameworks */,
			);
			sourceTree = "<group>";
		};
		C50127042217B2F5007674FC /* Products */ = {
			isa = PBXGroup;
			children = (
				C50127032217B2F5007674FC /* codepathLab1.app */,
			);
			name = Products;
			sourceTree = "<group>";
		};
		C50127052217B2F5007674FC /* codepathLab1 */ = {
			isa = PBXGroup;
			children = (
				C58C46D22217B69E0046B04F /* PhotosViewController.swift */,
				C54575D1221B687B00C0DBD7 /* PhotoDetailsViewController.swift */,
				C58C46D62217BF700046B04F /* PhotoCell.swift */,
				C50127062217B2F5007674FC /* AppDelegate.swift */,
				C501270A2217B2F5007674FC /* Main.storyboard */,
				C501270D2217B2F7007674FC /* Assets.xcassets */,
				C501270F2217B2F7007674FC /* LaunchScreen.storyboard */,
				C50127122217B2F7007674FC /* Info.plist */,
			);
			path = codepathLab1;
			sourceTree = "<group>";
		};
/* End PBXGroup section */

/* Begin PBXNativeTarget section */
		C50127022217B2F5007674FC /* codepathLab1 */ = {
			isa = PBXNativeTarget;
			buildConfigurationList = C50127152217B2F7007674FC /* Build configuration list for PBXNativeTarget "codepathLab1" */;
			buildPhases = (
				C2920CEDAD9728F5C8C9806C /* [CP] Check Pods Manifest.lock */,
				C50126FF2217B2F5007674FC /* Sources */,
				C50127002217B2F5007674FC /* Frameworks */,
				C50127012217B2F5007674FC /* Resources */,
				C08C55AC546523B6D7B32FF2 /* [CP] Embed Pods Frameworks */,
			);
			buildRules = (
			);
			dependencies = (
			);
			name = codepathLab1;
			productName = codepathLab1;
			productReference = C50127032217B2F5007674FC /* codepathLab1.app */;
			productType = "com.apple.product-type.application";
		};
/* End PBXNativeTarget section */

/* Begin PBXProject section */
		C50126FB2217B2F5007674FC /* Project object */ = {
			isa = PBXProject;
			attributes = {
				LastSwiftUpdateCheck = 1010;
				LastUpgradeCheck = 1010;
				ORGANIZATIONNAME = "Joy Paul";
				TargetAttributes = {
					C50127022217B2F5007674FC = {
						CreatedOnToolsVersion = 10.1;
					};
				};
			};
			buildConfigurationList = C50126FE2217B2F5007674FC /* Build configuration list for PBXProject "codepathLab1" */;
			compatibilityVersion = "Xcode 9.3";
			developmentRegion = en;
			hasScannedForEncodings = 0;
			knownRegions = (
				en,
				Base,
			);
			mainGroup = C50126FA2217B2F5007674FC;
			productRefGroup = C50127042217B2F5007674FC /* Products */;
			projectDirPath = "";
			projectRoot = "";
			targets = (
				C50127022217B2F5007674FC /* codepathLab1 */,
			);
		};
/* End PBXProject section */

/* Begin PBXResourcesBuildPhase section */
		C50127012217B2F5007674FC /* Resources */ = {
			isa = PBXResourcesBuildPhase;
			buildActionMask = 2147483647;
			files = (
				C50127112217B2F7007674FC /* LaunchScreen.storyboard in Resources */,
				C501270E2217B2F7007674FC /* Assets.xcassets in Resources */,
				C501270C2217B2F5007674FC /* Main.storyboard in Resources */,
			);
			runOnlyForDeploymentPostprocessing = 0;
		};
/* End PBXResourcesBuildPhase section */

/* Begin PBXShellScriptBuildPhase section */
		C08C55AC546523B6D7B32FF2 /* [CP] Embed Pods Frameworks */ = {
			isa = PBXShellScriptBuildPhase;
			buildActionMask = 2147483647;
			files = (
			);
			inputFileListPaths = (
			);
			inputPaths = (
				"${SRCROOT}/Pods/Target Support Files/Pods-codepathLab1/Pods-codepathLab1-frameworks.sh",
				"${BUILT_PRODUCTS_DIR}/Alamofire/Alamofire.framework",
				"${BUILT_PRODUCTS_DIR}/AlamofireImage/AlamofireImage.framework",
			);
			name = "[CP] Embed Pods Frameworks";
			outputFileListPaths = (
			);
			outputPaths = (
				"${TARGET_BUILD_DIR}/${FRAMEWORKS_FOLDER_PATH}/Alamofire.framework",
				"${TARGET_BUILD_DIR}/${FRAMEWORKS_FOLDER_PATH}/AlamofireImage.framework",
			);
			runOnlyForDeploymentPostprocessing = 0;
			shellPath = /bin/sh;
			shellScript = "\"${SRCROOT}/Pods/Target Support Files/Pods-codepathLab1/Pods-codepathLab1-frameworks.sh\"\n";
			showEnvVarsInLog = 0;
		};
		C2920CEDAD9728F5C8C9806C /* [CP] Check Pods Manifest.lock */ = {
			isa = PBXShellScriptBuildPhase;
			buildActionMask = 2147483647;
			files = (
			);
			inputFileListPaths = (
			);
			inputPaths = (
				"${PODS_PODFILE_DIR_PATH}/Podfile.lock",
				"${PODS_ROOT}/Manifest.lock",
			);
			name = "[CP] Check Pods Manifest.lock";
			outputFileListPaths = (
			);
			outputPaths = (
				"$(DERIVED_FILE_DIR)/Pods-codepathLab1-checkManifestLockResult.txt",
			);
			runOnlyForDeploymentPostprocessing = 0;
			shellPath = /bin/sh;
			shellScript = "diff \"${PODS_PODFILE_DIR_PATH}/Podfile.lock\" \"${PODS_ROOT}/Manifest.lock\" > /dev/null\nif [ $? != 0 ] ; then\n    # print error to STDERR\n    echo \"error: The sandbox is not in sync with the Podfile.lock. Run 'pod install' or update your CocoaPods installation.\" >&2\n    exit 1\nfi\n# This output is used by Xcode 'outputs' to avoid re-running this script phase.\necho \"SUCCESS\" > \"${SCRIPT_OUTPUT_FILE_0}\"\n";
			showEnvVarsInLog = 0;
		};
/* End PBXShellScriptBuildPhase section */

/* Begin PBXSourcesBuildPhase section */
		C50126FF2217B2F5007674FC /* Sources */ = {
			isa = PBXSourcesBuildPhase;
			buildActionMask = 2147483647;
			files = (
				C54575D2221B687B00C0DBD7 /* PhotoDetailsViewController.swift in Sources */,
				C50127072217B2F5007674FC /* AppDelegate.swift in Sources */,
				C58C46D72217BF700046B04F /* PhotoCell.swift in Sources */,
				C58C46D32217B69E0046B04F /* PhotosViewController.swift in Sources */,
			);
			runOnlyForDeploymentPostprocessing = 0;
		};
/* End PBXSourcesBuildPhase section */

/* Begin PBXVariantGroup section */
		C501270A2217B2F5007674FC /* Main.storyboard */ = {
			isa = PBXVariantGroup;
			children = (
				C501270B2217B2F5007674FC /* Base */,
			);
			name = Main.storyboard;
			sourceTree = "<group>";
		};
		C501270F2217B2F7007674FC /* LaunchScreen.storyboard */ = {
			isa = PBXVariantGroup;
			children = (
				C50127102217B2F7007674FC /* Base */,
			);
			name = LaunchScreen.storyboard;
			sourceTree = "<group>";
		};
/* End PBXVariantGroup section */

/* Begin XCBuildConfiguration section */
		C50127132217B2F7007674FC /* Debug */ = {
			isa = XCBuildConfiguration;
			buildSettings = {
				ALWAYS_SEARCH_USER_PATHS = NO;
				CLANG_ANALYZER_NONNULL = YES;
				CLANG_ANALYZER_NUMBER_OBJECT_CONVERSION = YES_AGGRESSIVE;
				CLANG_CXX_LANGUAGE_STANDARD = "gnu++14";
				CLANG_CXX_LIBRARY = "libc++";
				CLANG_ENABLE_MODULES = YES;
				CLANG_ENABLE_OBJC_ARC = YES;
				CLANG_ENABLE_OBJC_WEAK = YES;
				CLANG_WARN_BLOCK_CAPTURE_AUTORELEASING = YES;
				CLANG_WARN_BOOL_CONVERSION = YES;
				CLANG_WARN_COMMA = YES;
				CLANG_WARN_CONSTANT_CONVERSION = YES;
				CLANG_WARN_DEPRECATED_OBJC_IMPLEMENTATIONS = YES;
				CLANG_WARN_DIRECT_OBJC_ISA_USAGE = YES_ERROR;
				CLANG_WARN_DOCUMENTATION_COMMENTS = YES;
				CLANG_WARN_EMPTY_BODY = YES;
				CLANG_WARN_ENUM_CONVERSION = YES;
				CLANG_WARN_INFINITE_RECURSION = YES;
				CLANG_WARN_INT_CONVERSION = YES;
				CLANG_WARN_NON_LITERAL_NULL_CONVERSION = YES;
				CLANG_WARN_OBJC_IMPLICIT_RETAIN_SELF = YES;
				CLANG_WARN_OBJC_LITERAL_CONVERSION = YES;
				CLANG_WARN_OBJC_ROOT_CLASS = YES_ERROR;
				CLANG_WARN_RANGE_LOOP_ANALYSIS = YES;
				CLANG_WARN_STRICT_PROTOTYPES = YES;
				CLANG_WARN_SUSPICIOUS_MOVE = YES;
				CLANG_WARN_UNGUARDED_AVAILABILITY = YES_AGGRESSIVE;
				CLANG_WARN_UNREACHABLE_CODE = YES;
				CLANG_WARN__DUPLICATE_METHOD_MATCH = YES;
				CODE_SIGN_IDENTITY = "iPhone Developer";
				COPY_PHASE_STRIP = NO;
				DEBUG_INFORMATION_FORMAT = dwarf;
				ENABLE_STRICT_OBJC_MSGSEND = YES;
				ENABLE_TESTABILITY = YES;
				GCC_C_LANGUAGE_STANDARD = gnu11;
				GCC_DYNAMIC_NO_PIC = NO;
				GCC_NO_COMMON_BLOCKS = YES;
				GCC_OPTIMIZATION_LEVEL = 0;
				GCC_PREPROCESSOR_DEFINITIONS = (
					"DEBUG=1",
					"$(inherited)",
				);
				GCC_WARN_64_TO_32_BIT_CONVERSION = YES;
				GCC_WARN_ABOUT_RETURN_TYPE = YES_ERROR;
				GCC_WARN_UNDECLARED_SELECTOR = YES;
				GCC_WARN_UNINITIALIZED_AUTOS = YES_AGGRESSIVE;
				GCC_WARN_UNUSED_FUNCTION = YES;
				GCC_WARN_UNUSED_VARIABLE = YES;
				IPHONEOS_DEPLOYMENT_TARGET = 12.1;
				MTL_ENABLE_DEBUG_INFO = INCLUDE_SOURCE;
				MTL_FAST_MATH = YES;
				ONLY_ACTIVE_ARCH = YES;
				SDKROOT = iphoneos;
				SWIFT_ACTIVE_COMPILATION_CONDITIONS = DEBUG;
				SWIFT_OPTIMIZATION_LEVEL = "-Onone";
			};
			name = Debug;
		};
		C50127142217B2F7007674FC /* Release */ = {
			isa = XCBuildConfiguration;
			buildSettings = {
				ALWAYS_SEARCH_USER_PATHS = NO;
				CLANG_ANALYZER_NONNULL = YES;
				CLANG_ANALYZER_NUMBER_OBJECT_CONVERSION = YES_AGGRESSIVE;
				CLANG_CXX_LANGUAGE_STANDARD = "gnu++14";
				CLANG_CXX_LIBRARY = "libc++";
				CLANG_ENABLE_MODULES = YES;
				CLANG_ENABLE_OBJC_ARC = YES;
				CLANG_ENABLE_OBJC_WEAK = YES;
				CLANG_WARN_BLOCK_CAPTURE_AUTORELEASING = YES;
				CLANG_WARN_BOOL_CONVERSION = YES;
				CLANG_WARN_COMMA = YES;
				CLANG_WARN_CONSTANT_CONVERSION = YES;
				CLANG_WARN_DEPRECATED_OBJC_IMPLEMENTATIONS = YES;
				CLANG_WARN_DIRECT_OBJC_ISA_USAGE = YES_ERROR;
				CLANG_WARN_DOCUMENTATION_COMMENTS = YES;
				CLANG_WARN_EMPTY_BODY = YES;
				CLANG_WARN_ENUM_CONVERSION = YES;
				CLANG_WARN_INFINITE_RECURSION = YES;
				CLANG_WARN_INT_CONVERSION = YES;
				CLANG_WARN_NON_LITERAL_NULL_CONVERSION = YES;
				CLANG_WARN_OBJC_IMPLICIT_RETAIN_SELF = YES;
				CLANG_WARN_OBJC_LITERAL_CONVERSION = YES;
				CLANG_WARN_OBJC_ROOT_CLASS = YES_ERROR;
				CLANG_WARN_RANGE_LOOP_ANALYSIS = YES;
				CLANG_WARN_STRICT_PROTOTYPES = YES;
				CLANG_WARN_SUSPICIOUS_MOVE = YES;
				CLANG_WARN_UNGUARDED_AVAILABILITY = YES_AGGRESSIVE;
				CLANG_WARN_UNREACHABLE_CODE = YES;
				CLANG_WARN__DUPLICATE_METHOD_MATCH = YES;
				CODE_SIGN_IDENTITY = "iPhone Developer";
				COPY_PHASE_STRIP = NO;
				DEBUG_INFORMATION_FORMAT = "dwarf-with-dsym";
				ENABLE_NS_ASSERTIONS = NO;
				ENABLE_STRICT_OBJC_MSGSEND = YES;
				GCC_C_LANGUAGE_STANDARD = gnu11;
				GCC_NO_COMMON_BLOCKS = YES;
				GCC_WARN_64_TO_32_BIT_CONVERSION = YES;
				GCC_WARN_ABOUT_RETURN_TYPE = YES_ERROR;
				GCC_WARN_UNDECLARED_SELECTOR = YES;
				GCC_WARN_UNINITIALIZED_AUTOS = YES_AGGRESSIVE;
				GCC_WARN_UNUSED_FUNCTION = YES;
				GCC_WARN_UNUSED_VARIABLE = YES;
				IPHONEOS_DEPLOYMENT_TARGET = 12.1;
				MTL_ENABLE_DEBUG_INFO = NO;
				MTL_FAST_MATH = YES;
				SDKROOT = iphoneos;
				SWIFT_COMPILATION_MODE = wholemodule;
				SWIFT_OPTIMIZATION_LEVEL = "-O";
				VALIDATE_PRODUCT = YES;
			};
			name = Release;
		};
		C50127162217B2F7007674FC /* Debug */ = {
			isa = XCBuildConfiguration;
			baseConfigurationReference = 9B56F67FFF6DAC9742338153 /* Pods-codepathLab1.debug.xcconfig */;
			buildSettings = {
				ASSETCATALOG_COMPILER_APPICON_NAME = AppIcon;
				CODE_SIGN_STYLE = Automatic;
				DEVELOPMENT_TEAM = BGNF8D28S2;
				INFOPLIST_FILE = codepathLab1/Info.plist;
				LD_RUNPATH_SEARCH_PATHS = (
					"$(inherited)",
					"@executable_path/Frameworks",
				);
				PRODUCT_BUNDLE_IDENTIFIER = joypaul.08041995.brooklyn.ny6641.codepathLab1;
				PRODUCT_NAME = "$(TARGET_NAME)";
				SWIFT_VERSION = 4.2;
				TARGETED_DEVICE_FAMILY = "1,2";
			};
			name = Debug;
		};
		C50127172217B2F7007674FC /* Release */ = {
			isa = XCBuildConfiguration;
			baseConfigurationReference = BD3D58B757FB5D389B14FE12 /* Pods-codepathLab1.release.xcconfig */;
			buildSettings = {
				ASSETCATALOG_COMPILER_APPICON_NAME = AppIcon;
				CODE_SIGN_STYLE = Automatic;
				DEVELOPMENT_TEAM = BGNF8D28S2;
				INFOPLIST_FILE = codepathLab1/Info.plist;
				LD_RUNPATH_SEARCH_PATHS = (
					"$(inherited)",
					"@executable_path/Frameworks",
				);
				PRODUCT_BUNDLE_IDENTIFIER = joypaul.08041995.brooklyn.ny6641.codepathLab1;
				PRODUCT_NAME = "$(TARGET_NAME)";
				SWIFT_VERSION = 4.2;
				TARGETED_DEVICE_FAMILY = "1,2";
			};
			name = Release;
		};
/* End XCBuildConfiguration section */

/* Begin XCConfigurationList section */
		C50126FE2217B2F5007674FC /* Build configuration list for PBXProject "codepathLab1" */ = {
			isa = XCConfigurationList;
			buildConfigurations = (
				C50127132217B2F7007674FC /* Debug */,
				C50127142217B2F7007674FC /* Release */,
			);
			defaultConfigurationIsVisible = 0;
			defaultConfigurationName = Release;
		};
		C50127152217B2F7007674FC /* Build configuration list for PBXNativeTarget "codepathLab1" */ = {
			isa = XCConfigurationList;
			buildConfigurations = (
				C50127162217B2F7007674FC /* Debug */,
				C50127172217B2F7007674FC /* Release */,
			);
			defaultConfigurationIsVisible = 0;
			defaultConfigurationName = Release;
		};
/* End XCConfigurationList section */
	};
	rootObject = C50126FB2217B2F5007674FC /* Project object */;
}
